<?xml version="1.0" encoding="utf-8"?>
<Project ToolsVersion="4.0" xmlns="http://schemas.microsoft.com/developer/msbuild/2003">
  <ItemGroup>
    <Filter Include="Source Files">
      <UniqueIdentifier>{4FC737F1-C7A5-4376-A066-2A32D752A2FF}</UniqueIdentifier>
      <Extensions>cpp;c;cc;cxx;def;odl;idl;hpj;bat;asm;asmx</Extensions>
    </Filter>
    <Filter Include="Header Files">
      <UniqueIdentifier>{93995380-89BD-4b04-88EB-625FBE52EBFB}</UniqueIdentifier>
      <Extensions>h;hh;hpp;hxx;hm;inl;inc;ipp;xsd</Extensions>
    </Filter>
    <Filter Include="Resource Files">
      <UniqueIdentifier>{67DA6AB6-F800-4c08-8B7A-83BB121AAD01}</UniqueIdentifier>
      <Extensions>rc;ico;cur;bmp;dlg;rc2;rct;bin;rgs;gif;jpg;jpeg;jpe;resx;tiff;tif;png;wav;mfcribbon-ms</Extensions>
    </Filter>
  </ItemGroup>
  <ItemGroup>
    <ClInclude Include="Resource.h">
      <Filter>Header Files</Filter>
    </ClInclude>
    <ClInclude Include="lib\iStd.h">
      <Filter>Header Files</Filter>
    </ClInclude>
    <ClInclude Include="lib\iType_iPoint.h">
      <Filter>Header Files</Filter>
    </ClInclude>
    <ClInclude Include="lib\iType_iSize.h">
      <Filter>Header Files</Filter>
    </ClInclude>
    <ClInclude Include="lib\iType.h">
      <Filter>Header Files</Filter>
    </ClInclude>
    <ClInclude Include="lib\iType_iArray.h">
      <Filter>Header Files</Filter>
    </ClInclude>
    <ClInclude Include="lib\iType_iColor.h">
      <Filter>Header Files</Filter>
    </ClInclude>
    <ClInclude Include="lib\iType_iRect.h">
      <Filter>Header Files</Filter>
    </ClInclude>
    <ClInclude Include="lib\iType_iStd.h">
      <Filter>Header Files</Filter>
    </ClInclude>
    <ClInclude Include="lib\iUtil.h">
      <Filter>Header Files</Filter>
    </ClInclude>
    <ClInclude Include="lib\iShortPath.h">
      <Filter>Header Files</Filter>
    </ClInclude>
    <ClInclude Include="lib\iString.h">
      <Filter>Header Files</Filter>
    </ClInclude>
    <ClInclude Include="lib\iGraphics.h">
      <Filter>Header Files</Filter>
    </ClInclude>
    <ClInclude Include="lib\iImage.h">
      <Filter>Header Files</Filter>
    </ClInclude>
    <ClInclude Include="lib\iPopup.h">
      <Filter>Header Files</Filter>
    </ClInclude>
    <ClInclude Include="lib\iStrTex.h">
      <Filter>Header Files</Filter>
    </ClInclude>
    <ClInclude Include="lib\iOpengl.h">
      <Filter>Header Files</Filter>
    </ClInclude>
    <ClInclude Include="lib\iOpenal.h">
      <Filter>Header Files</Filter>
    </ClInclude>
    <ClInclude Include="game\Bullet.h">
      <Filter>Header Files</Filter>
    </ClInclude>
    <ClInclude Include="game\Common.h">
      <Filter>Header Files</Filter>
    </ClInclude>
    <ClInclude Include="game\Enemy.h">
      <Filter>Header Files</Filter>
    </ClInclude>
    <ClInclude Include="game\Game.h">
      <Filter>Header Files</Filter>
    </ClInclude>
    <ClInclude Include="game\Intro.h">
      <Filter>Header Files</Filter>
    </ClInclude>
    <ClInclude Include="game\Loading.h">
      <Filter>Header Files</Filter>
    </ClInclude>
    <ClInclude Include="game\Menu.h">
      <Filter>Header Files</Filter>
    </ClInclude>
    <ClInclude Include="game\Player.h">
      <Filter>Header Files</Filter>
    </ClInclude>
    <ClInclude Include="game\Proc.h">
      <Filter>Header Files</Filter>
    </ClInclude>
    <ClInclude Include="lib\iPlatform.h">
      <Filter>Header Files</Filter>
    </ClInclude>
    <ClInclude Include="lib\iGameCenter.h">
      <Filter>Header Files</Filter>
    </ClInclude>
    <ClInclude Include="lib\iGooglePlay.h">
      <Filter>Header Files</Filter>
    </ClInclude>
    <ClInclude Include="windows\main.h">
      <Filter>Header Files</Filter>
    </ClInclude>
    <ClInclude Include="lib\iMatrix.h">
      <Filter>Header Files</Filter>
    </ClInclude>
    <ClInclude Include="game\Map.h">
      <Filter>Header Files</Filter>
    </ClInclude>
  </ItemGroup>
  <ItemGroup>
    <ClCompile Include="game\Bullet.cpp">
      <Filter>Source Files</Filter>
    </ClCompile>
    <ClCompile Include="game\Common.cpp">
      <Filter>Source Files</Filter>
    </ClCompile>
    <ClCompile Include="game\Enemy.cpp">
      <Filter>Source Files</Filter>
    </ClCompile>
    <ClCompile Include="game\Game.cpp">
      <Filter>Source Files</Filter>
    </ClCompile>
    <ClCompile Include="game\Intro.cpp">
      <Filter>Source Files</Filter>
    </ClCompile>
    <ClCompile Include="game\Loading.cpp">
      <Filter>Source Files</Filter>
    </ClCompile>
    <ClCompile Include="game\Menu.cpp">
      <Filter>Source Files</Filter>
    </ClCompile>
    <ClCompile Include="game\Player.cpp">
      <Filter>Source Files</Filter>
    </ClCompile>
    <ClCompile Include="game\Proc.cpp">
      <Filter>Source Files</Filter>
    </ClCompile>
    <ClCompile Include="windows\glew.c">
      <Filter>Source Files</Filter>
    </ClCompile>
    <ClCompile Include="windows\main.cpp">
      <Filter>Source Files</Filter>
    </ClCompile>
    <ClCompile Include="game\Map.cpp">
      <Filter>Source Files</Filter>
    </ClCompile>
    <ClCompile Include="lib\iUtil.cpp">
      <Filter>Source Files</Filter>
    </ClCompile>
    <ClCompile Include="lib\iType_iSize.cpp">
      <Filter>Source Files</Filter>
    </ClCompile>
    <ClCompile Include="lib\iType_iRect.cpp">
      <Filter>Source Files</Filter>
    </ClCompile>
    <ClCompile Include="lib\iType_iPoint.cpp">
      <Filter>Source Files</Filter>
    </ClCompile>
    <ClCompile Include="lib\iType_iColor.cpp">
      <Filter>Source Files</Filter>
    </ClCompile>
    <ClCompile Include="lib\iType_iArray.cpp">
      <Filter>Source Files</Filter>
    </ClCompile>
    <ClCompile Include="lib\iType.cpp">
      <Filter>Source Files</Filter>
    </ClCompile>
    <ClCompile Include="lib\iStrTex.cpp">
      <Filter>Source Files</Filter>
    </ClCompile>
    <ClCompile Include="lib\iString.cpp">
      <Filter>Source Files</Filter>
    </ClCompile>
    <ClCompile Include="lib\iStd.cpp">
      <Filter>Source Files</Filter>
    </ClCompile>
    <ClCompile Include="lib\iShortPath.cpp">
      <Filter>Source Files</Filter>
    </ClCompile>
    <ClCompile Include="lib\iPopup.cpp">
      <Filter>Source Files</Filter>
    </ClCompile>
    <ClCompile Include="lib\iOpengl.cpp">
      <Filter>Source Files</Filter>
    </ClCompile>
    <ClCompile Include="lib\iOpenal.cpp">
      <Filter>Source Files</Filter>
    </ClCompile>
    <ClCompile Include="lib\iMatrix.cpp">
      <Filter>Source Files</Filter>
    </ClCompile>
    <ClCompile Include="lib\iImage.cpp">
      <Filter>Source Files</Filter>
    </ClCompile>
    <ClCompile Include="lib\iGraphics.cpp">
      <Filter>Source Files</Filter>
    </ClCompile>
    <ClCompile Include="lib\iGooglePlay.cpp">
      <Filter>Source Files</Filter>
    </ClCompile>
    <ClCompile Include="lib\iGameCenter.cpp">
      <Filter>Source Files</Filter>
    </ClCompile>
  </ItemGroup>
  <ItemGroup>
    <Image Include="small.ico">
      <Filter>Resource Files</Filter>
    </Image>
    <Image Include="MyGame.ico">
      <Filter>Resource Files</Filter>
    </Image>
  </ItemGroup>
  <ItemGroup>
    <ResourceCompile Include="MyGame.rc">
      <Filter>Resource Files</Filter>
    </ResourceCompile>
  </ItemGroup>
  <ItemGroup>
    <None Include="assets\shader\WaterCaustic.frag" />
    <None Include="assets\shader\WaterCaustic.vert" />
  </ItemGroup>
</Project>